
Microsoft Visual Studio Solution File, Format Version 12.00
# Visual Studio Version 17
VisualStudioVersion = 17.9.34701.34
MinimumVisualStudioVersion = 10.0.40219.1
Project("{FAE04EC0-301F-11D3-BF4B-00C04F79EFBC}") = "Desafio03.Api", "Desafio03.Api\Desafio03.Api.csproj", "{A12973D1-BC74-4895-882F-5A3CD593EF39}"
EndProject
Project("{FAE04EC0-301F-11D3-BF4B-00C04F79EFBC}") = "Desafio03.Application", "Desafio03.Application\Desafio03.Application.csproj", "{B60D8170-F37B-45E5-8BB6-371CE705E286}"
EndProject
Project("{FAE04EC0-301F-11D3-BF4B-00C04F79EFBC}") = "Desafio03.Communication", "Desafio03.Communication\Desafio03.Communication.csproj", "{0FE9853A-D0AC-4D28-BF25-660B9D670A66}"
EndProject
Global
	GlobalSection(SolutionConfigurationPlatforms) = preSolution
		Debug|Any CPU = Debug|Any CPU
		Release|Any CPU = Release|Any CPU
	EndGlobalSection
	GlobalSection(ProjectConfigurationPlatforms) = postSolution
		{A12973D1-BC74-4895-882F-5A3CD593EF39}.Debug|Any CPU.ActiveCfg = Debug|Any CPU
		{A12973D1-BC74-4895-882F-5A3CD593EF39}.Debug|Any CPU.Build.0 = Debug|Any CPU
		{A12973D1-BC74-4895-882F-5A3CD593EF39}.Release|Any CPU.ActiveCfg = Release|Any CPU
		{A12973D1-BC74-4895-882F-5A3CD593EF39}.Release|Any CPU.Build.0 = Release|Any CPU
		{B60D8170-F37B-45E5-8BB6-371CE705E286}.Debug|Any CPU.ActiveCfg = Debug|Any CPU
		{B60D8170-F37B-45E5-8BB6-371CE705E286}.Debug|Any CPU.Build.0 = Debug|Any CPU
		{B60D8170-F37B-45E5-8BB6-371CE705E286}.Release|Any CPU.ActiveCfg = Release|Any CPU
		{B60D8170-F37B-45E5-8BB6-371CE705E286}.Release|Any CPU.Build.0 = Release|Any CPU
		{0FE9853A-D0AC-4D28-BF25-660B9D670A66}.Debug|Any CPU.ActiveCfg = Debug|Any CPU
		{0FE9853A-D0AC-4D28-BF25-660B9D670A66}.Debug|Any CPU.Build.0 = Debug|Any CPU
		{0FE9853A-D0AC-4D28-BF25-660B9D670A66}.Release|Any CPU.ActiveCfg = Release|Any CPU
		{0FE9853A-D0AC-4D28-BF25-660B9D670A66}.Release|Any CPU.Build.0 = Release|Any CPU
	EndGlobalSection
	GlobalSection(SolutionProperties) = preSolution
		HideSolutionNode = FALSE
	EndGlobalSection
	GlobalSection(ExtensibilityGlobals) = postSolution
		SolutionGuid = {6F43570B-C368-45A4-94ED-A834797714D2}
	EndGlobalSection
EndGlobal
