
Microsoft Visual Studio Solution File, Format Version 12.00
# Visual Studio Version 17
VisualStudioVersion = 17.9.34701.34
MinimumVisualStudioVersion = 10.0.40219.1
Project("{2150E333-8FDC-42A3-9474-1A3956D46DE8}") = "src", "src", "{B0D2D690-24F6-49C8-9CB8-52466006A837}"
EndProject
Project("{2150E333-8FDC-42A3-9474-1A3956D46DE8}") = "tests", "tests", "{BFDEDB29-5D98-4467-83F3-D0957D8A2DE9}"
EndProject
Project("{9A19103F-16F7-4668-BE54-9A1E7A4F7556}") = "CashFlow.Api", "src\CashFlow.Api\CashFlow.Api.csproj", "{BE88F43D-8B11-43DA-A630-538CF8965A0D}"
EndProject
Project("{9A19103F-16F7-4668-BE54-9A1E7A4F7556}") = "CashFlow.Application", "src\CashFlow.Application\CashFlow.Application.csproj", "{D3E02EFC-71E6-4504-8A96-4EE7578FEBE8}"
EndProject
Project("{9A19103F-16F7-4668-BE54-9A1E7A4F7556}") = "CashFlow.Domain", "src\CashFlow.Domain\CashFlow.Domain.csproj", "{6629D6D8-5D34-4448-8B18-18108AB9F1ED}"
EndProject
Project("{9A19103F-16F7-4668-BE54-9A1E7A4F7556}") = "CashFlow.Communication", "src\CashFlow.Communication\CashFlow.Communication.csproj", "{B2DF5C7D-9283-48D1-A807-74646D6194F6}"
EndProject
Project("{9A19103F-16F7-4668-BE54-9A1E7A4F7556}") = "Validators.Tests", "tests\Validators.Tests\Validators.Tests.csproj", "{7A92B98A-9E43-4E78-9E21-2C901B388236}"
EndProject
Project("{9A19103F-16F7-4668-BE54-9A1E7A4F7556}") = "CommonTestUtilities", "tests\CommonTestUtilities\CommonTestUtilities.csproj", "{4F1F22C1-D6D2-46B4-9E54-0F602E971552}"
EndProject
Project("{FAE04EC0-301F-11D3-BF4B-00C04F79EFBC}") = "CashFlow.Exception", "src\CashFlow.Exception\CashFlow.Exception.csproj", "{22938A8A-C752-42CF-AABE-1121AFC48CB7}"
EndProject
Project("{FAE04EC0-301F-11D3-BF4B-00C04F79EFBC}") = "CashFlow.Infrastructure", "src\CashFlow.Infrastructure\CashFlow.Infrastructure.csproj", "{12BDFCB7-4C4C-4030-A5B7-4C485DD30ADB}"
EndProject
Global
	GlobalSection(SolutionConfigurationPlatforms) = preSolution
		Debug|Any CPU = Debug|Any CPU
		Release|Any CPU = Release|Any CPU
	EndGlobalSection
	GlobalSection(ProjectConfigurationPlatforms) = postSolution
		{BE88F43D-8B11-43DA-A630-538CF8965A0D}.Debug|Any CPU.ActiveCfg = Debug|Any CPU
		{BE88F43D-8B11-43DA-A630-538CF8965A0D}.Debug|Any CPU.Build.0 = Debug|Any CPU
		{BE88F43D-8B11-43DA-A630-538CF8965A0D}.Release|Any CPU.ActiveCfg = Release|Any CPU
		{BE88F43D-8B11-43DA-A630-538CF8965A0D}.Release|Any CPU.Build.0 = Release|Any CPU
		{D3E02EFC-71E6-4504-8A96-4EE7578FEBE8}.Debug|Any CPU.ActiveCfg = Debug|Any CPU
		{D3E02EFC-71E6-4504-8A96-4EE7578FEBE8}.Debug|Any CPU.Build.0 = Debug|Any CPU
		{D3E02EFC-71E6-4504-8A96-4EE7578FEBE8}.Release|Any CPU.ActiveCfg = Release|Any CPU
		{D3E02EFC-71E6-4504-8A96-4EE7578FEBE8}.Release|Any CPU.Build.0 = Release|Any CPU
		{6629D6D8-5D34-4448-8B18-18108AB9F1ED}.Debug|Any CPU.ActiveCfg = Debug|Any CPU
		{6629D6D8-5D34-4448-8B18-18108AB9F1ED}.Debug|Any CPU.Build.0 = Debug|Any CPU
		{6629D6D8-5D34-4448-8B18-18108AB9F1ED}.Release|Any CPU.ActiveCfg = Release|Any CPU
		{6629D6D8-5D34-4448-8B18-18108AB9F1ED}.Release|Any CPU.Build.0 = Release|Any CPU
		{B2DF5C7D-9283-48D1-A807-74646D6194F6}.Debug|Any CPU.ActiveCfg = Debug|Any CPU
		{B2DF5C7D-9283-48D1-A807-74646D6194F6}.Debug|Any CPU.Build.0 = Debug|Any CPU
		{B2DF5C7D-9283-48D1-A807-74646D6194F6}.Release|Any CPU.ActiveCfg = Release|Any CPU
		{B2DF5C7D-9283-48D1-A807-74646D6194F6}.Release|Any CPU.Build.0 = Release|Any CPU
		{7A92B98A-9E43-4E78-9E21-2C901B388236}.Debug|Any CPU.ActiveCfg = Debug|Any CPU
		{7A92B98A-9E43-4E78-9E21-2C901B388236}.Debug|Any CPU.Build.0 = Debug|Any CPU
		{7A92B98A-9E43-4E78-9E21-2C901B388236}.Release|Any CPU.ActiveCfg = Release|Any CPU
		{7A92B98A-9E43-4E78-9E21-2C901B388236}.Release|Any CPU.Build.0 = Release|Any CPU
		{4F1F22C1-D6D2-46B4-9E54-0F602E971552}.Debug|Any CPU.ActiveCfg = Debug|Any CPU
		{4F1F22C1-D6D2-46B4-9E54-0F602E971552}.Debug|Any CPU.Build.0 = Debug|Any CPU
		{4F1F22C1-D6D2-46B4-9E54-0F602E971552}.Release|Any CPU.ActiveCfg = Release|Any CPU
		{4F1F22C1-D6D2-46B4-9E54-0F602E971552}.Release|Any CPU.Build.0 = Release|Any CPU
		{22938A8A-C752-42CF-AABE-1121AFC48CB7}.Debug|Any CPU.ActiveCfg = Debug|Any CPU
		{22938A8A-C752-42CF-AABE-1121AFC48CB7}.Debug|Any CPU.Build.0 = Debug|Any CPU
		{22938A8A-C752-42CF-AABE-1121AFC48CB7}.Release|Any CPU.ActiveCfg = Release|Any CPU
		{22938A8A-C752-42CF-AABE-1121AFC48CB7}.Release|Any CPU.Build.0 = Release|Any CPU
		{12BDFCB7-4C4C-4030-A5B7-4C485DD30ADB}.Debug|Any CPU.ActiveCfg = Debug|Any CPU
		{12BDFCB7-4C4C-4030-A5B7-4C485DD30ADB}.Debug|Any CPU.Build.0 = Debug|Any CPU
		{12BDFCB7-4C4C-4030-A5B7-4C485DD30ADB}.Release|Any CPU.ActiveCfg = Release|Any CPU
		{12BDFCB7-4C4C-4030-A5B7-4C485DD30ADB}.Release|Any CPU.Build.0 = Release|Any CPU
	EndGlobalSection
	GlobalSection(SolutionProperties) = preSolution
		HideSolutionNode = FALSE
	EndGlobalSection
	GlobalSection(NestedProjects) = preSolution
		{BE88F43D-8B11-43DA-A630-538CF8965A0D} = {B0D2D690-24F6-49C8-9CB8-52466006A837}
		{D3E02EFC-71E6-4504-8A96-4EE7578FEBE8} = {B0D2D690-24F6-49C8-9CB8-52466006A837}
		{6629D6D8-5D34-4448-8B18-18108AB9F1ED} = {B0D2D690-24F6-49C8-9CB8-52466006A837}
		{B2DF5C7D-9283-48D1-A807-74646D6194F6} = {B0D2D690-24F6-49C8-9CB8-52466006A837}
		{7A92B98A-9E43-4E78-9E21-2C901B388236} = {BFDEDB29-5D98-4467-83F3-D0957D8A2DE9}
		{4F1F22C1-D6D2-46B4-9E54-0F602E971552} = {BFDEDB29-5D98-4467-83F3-D0957D8A2DE9}
		{22938A8A-C752-42CF-AABE-1121AFC48CB7} = {B0D2D690-24F6-49C8-9CB8-52466006A837}
		{12BDFCB7-4C4C-4030-A5B7-4C485DD30ADB} = {B0D2D690-24F6-49C8-9CB8-52466006A837}
	EndGlobalSection
	GlobalSection(ExtensibilityGlobals) = postSolution
		SolutionGuid = {6DF68CED-7DE3-4958-A66C-789D5FBDEC64}
	EndGlobalSection
EndGlobal
